
Microsoft Visual Studio Solution File, Format Version 12.00
# Visual Studio Version 17
VisualStudioVersion = 17.0.31903.59
MinimumVisualStudioVersion = 10.0.40219.1
Project("{FAE04EC0-301F-11D3-BF4B-00C04F79EFBC}") = "JwtStore.Api", "JwtStore.Api\JwtStore.Api.csproj", "{D23C681B-13AB-472E-A32D-65D7867880D6}"
EndProject
Project("{FAE04EC0-301F-11D3-BF4B-00C04F79EFBC}") = "JwtStore.Core", "JwtStore.Core\JwtStore.Core.csproj", "{8D6459A5-9D90-4F64-9BC4-DA459D1CD28F}"
EndProject
Project("{FAE04EC0-301F-11D3-BF4B-00C04F79EFBC}") = "JwtStore.Infra", "JwtStore.Infra\JwtStore.Infra.csproj", "{D5A0358C-D03C-49FF-8EF7-931969A81504}"
EndProject
Global
	GlobalSection(SolutionConfigurationPlatforms) = preSolution
		Debug|Any CPU = Debug|Any CPU
		Release|Any CPU = Release|Any CPU
	EndGlobalSection
	GlobalSection(SolutionProperties) = preSolution
		HideSolutionNode = FALSE
	EndGlobalSection
	GlobalSection(ProjectConfigurationPlatforms) = postSolution
		{D23C681B-13AB-472E-A32D-65D7867880D6}.Debug|Any CPU.ActiveCfg = Debug|Any CPU
		{D23C681B-13AB-472E-A32D-65D7867880D6}.Debug|Any CPU.Build.0 = Debug|Any CPU
		{D23C681B-13AB-472E-A32D-65D7867880D6}.Release|Any CPU.ActiveCfg = Release|Any CPU
		{D23C681B-13AB-472E-A32D-65D7867880D6}.Release|Any CPU.Build.0 = Release|Any CPU
		{8D6459A5-9D90-4F64-9BC4-DA459D1CD28F}.Debug|Any CPU.ActiveCfg = Debug|Any CPU
		{8D6459A5-9D90-4F64-9BC4-DA459D1CD28F}.Debug|Any CPU.Build.0 = Debug|Any CPU
		{8D6459A5-9D90-4F64-9BC4-DA459D1CD28F}.Release|Any CPU.ActiveCfg = Release|Any CPU
		{8D6459A5-9D90-4F64-9BC4-DA459D1CD28F}.Release|Any CPU.Build.0 = Release|Any CPU
		{D5A0358C-D03C-49FF-8EF7-931969A81504}.Debug|Any CPU.ActiveCfg = Debug|Any CPU
		{D5A0358C-D03C-49FF-8EF7-931969A81504}.Debug|Any CPU.Build.0 = Debug|Any CPU
		{D5A0358C-D03C-49FF-8EF7-931969A81504}.Release|Any CPU.ActiveCfg = Release|Any CPU
		{D5A0358C-D03C-49FF-8EF7-931969A81504}.Release|Any CPU.Build.0 = Release|Any CPU
	EndGlobalSection
EndGlobal
